
Microsoft Visual Studio Solution File, Format Version 12.00
# Visual Studio Version 17
VisualStudioVersion = 17.6.33829.357
MinimumVisualStudioVersion = 10.0.40219.1
Project("{FAE04EC0-301F-11D3-BF4B-00C04F79EFBC}") = "BookListRazor", "BookListRazor\BookListRazor.csproj", "{9601A883-D7DA-4D36-9A3C-F0C81D8BB6E3}"
EndProject
Global
	GlobalSection(SolutionConfigurationPlatforms) = preSolution
		Debug|Any CPU = Debug|Any CPU
		Release|Any CPU = Release|Any CPU
	EndGlobalSection
	GlobalSection(ProjectConfigurationPlatforms) = postSolution
		{9601A883-D7DA-4D36-9A3C-F0C81D8BB6E3}.Debug|Any CPU.ActiveCfg = Debug|Any CPU
		{9601A883-D7DA-4D36-9A3C-F0C81D8BB6E3}.Debug|Any CPU.Build.0 = Debug|Any CPU
		{9601A883-D7DA-4D36-9A3C-F0C81D8BB6E3}.Release|Any CPU.ActiveCfg = Release|Any CPU
		{9601A883-D7DA-4D36-9A3C-F0C81D8BB6E3}.Release|Any CPU.Build.0 = Release|Any CPU
	EndGlobalSection
	GlobalSection(SolutionProperties) = preSolution
		HideSolutionNode = FALSE
	EndGlobalSection
	GlobalSection(ExtensibilityGlobals) = postSolution
		SolutionGuid = {1BABCFC5-0145-4B5F-A790-190D719B8610}
	EndGlobalSection
EndGlobal
